
Microsoft Visual Studio Solution File, Format Version 12.00
# Visual Studio Version 17
VisualStudioVersion = 17.2.32210.308
MinimumVisualStudioVersion = 10.0.40219.1
Project("{9A19103F-16F7-4668-BE54-9A1E7A4F7556}") = "iml6yu.FKSocket", "iml6yu.FKSocket\iml6yu.FKSocket.csproj", "{193920D2-B82A-4735-BFFA-48AD1CD2FB58}"
EndProject
Project("{FAE04EC0-301F-11D3-BF4B-00C04F79EFBC}") = "iml6yu.FKSocket.Demo", "iml6yu.FKSocket.Demo\iml6yu.FKSocket.Demo.csproj", "{CE9D855D-6BC9-4899-931D-800771C79B0D}"
EndProject
Global
	GlobalSection(SolutionConfigurationPlatforms) = preSolution
		Debug|Any CPU = Debug|Any CPU
		Release|Any CPU = Release|Any CPU
	EndGlobalSection
	GlobalSection(ProjectConfigurationPlatforms) = postSolution
		{193920D2-B82A-4735-BFFA-48AD1CD2FB58}.Debug|Any CPU.ActiveCfg = Debug|Any CPU
		{193920D2-B82A-4735-BFFA-48AD1CD2FB58}.Debug|Any CPU.Build.0 = Debug|Any CPU
		{193920D2-B82A-4735-BFFA-48AD1CD2FB58}.Release|Any CPU.ActiveCfg = Release|Any CPU
		{193920D2-B82A-4735-BFFA-48AD1CD2FB58}.Release|Any CPU.Build.0 = Release|Any CPU
		{CE9D855D-6BC9-4899-931D-800771C79B0D}.Debug|Any CPU.ActiveCfg = Debug|Any CPU
		{CE9D855D-6BC9-4899-931D-800771C79B0D}.Debug|Any CPU.Build.0 = Debug|Any CPU
		{CE9D855D-6BC9-4899-931D-800771C79B0D}.Release|Any CPU.ActiveCfg = Release|Any CPU
		{CE9D855D-6BC9-4899-931D-800771C79B0D}.Release|Any CPU.Build.0 = Release|Any CPU
	EndGlobalSection
	GlobalSection(SolutionProperties) = preSolution
		HideSolutionNode = FALSE
	EndGlobalSection
	GlobalSection(ExtensibilityGlobals) = postSolution
		SolutionGuid = {67C46AE8-4C6E-4D69-A2D9-04FDBD47F82C}
	EndGlobalSection
EndGlobal
